
Microsoft Visual Studio Solution File, Format Version 12.00
# Visual Studio 2012
Project("{FAE04EC0-301F-11D3-BF4B-00C04F79EFBC}") = "MvvmLightPlus.Win8", "MVVMLightPlus.Win8\MvvmLightPlus.Win8.csproj", "{8C895C59-23CD-4782-8413-2AB4F27E5461}"
EndProject
Project("{FAE04EC0-301F-11D3-BF4B-00C04F79EFBC}") = "MvvmLightPlus.Test", "MvvmLightPlus.Test\MvvmLightPlus.Test.csproj", "{3184097E-3EE0-458D-8B0F-3CE59266A542}"
EndProject
Project("{FAE04EC0-301F-11D3-BF4B-00C04F79EFBC}") = "AmazonSalesRank", "AmazonSalesRank\AmazonSalesRank.csproj", "{B3587FCA-522F-44BA-B067-4E6C7400A1B3}"
EndProject
Project("{FAE04EC0-301F-11D3-BF4B-00C04F79EFBC}") = "AmazonSalesRank.Test", "AmazonSalesRank.Test\AmazonSalesRank.Test.csproj", "{B5C497F8-680F-44C8-838B-935ADF63FEB6}"
EndProject
Project("{FAE04EC0-301F-11D3-BF4B-00C04F79EFBC}") = "AmazonClient.PCL", "..\..\Api\AmazonClient\AmazonClient.PCL\AmazonClient.PCL.csproj", "{BA08C743-B94C-4248-BA4A-EC57864DA92E}"
EndProject
Global
	GlobalSection(SolutionConfigurationPlatforms) = preSolution
		Debug|Any CPU = Debug|Any CPU
		Debug|ARM = Debug|ARM
		Debug|x64 = Debug|x64
		Debug|x86 = Debug|x86
		Release|Any CPU = Release|Any CPU
		Release|ARM = Release|ARM
		Release|x64 = Release|x64
		Release|x86 = Release|x86
	EndGlobalSection
	GlobalSection(ProjectConfigurationPlatforms) = postSolution
		{8C895C59-23CD-4782-8413-2AB4F27E5461}.Debug|Any CPU.ActiveCfg = Debug|Any CPU
		{8C895C59-23CD-4782-8413-2AB4F27E5461}.Debug|Any CPU.Build.0 = Debug|Any CPU
		{8C895C59-23CD-4782-8413-2AB4F27E5461}.Debug|ARM.ActiveCfg = Debug|ARM
		{8C895C59-23CD-4782-8413-2AB4F27E5461}.Debug|ARM.Build.0 = Debug|ARM
		{8C895C59-23CD-4782-8413-2AB4F27E5461}.Debug|x64.ActiveCfg = Debug|x64
		{8C895C59-23CD-4782-8413-2AB4F27E5461}.Debug|x64.Build.0 = Debug|x64
		{8C895C59-23CD-4782-8413-2AB4F27E5461}.Debug|x86.ActiveCfg = Debug|x86
		{8C895C59-23CD-4782-8413-2AB4F27E5461}.Debug|x86.Build.0 = Debug|x86
		{8C895C59-23CD-4782-8413-2AB4F27E5461}.Release|Any CPU.ActiveCfg = Release|Any CPU
		{8C895C59-23CD-4782-8413-2AB4F27E5461}.Release|Any CPU.Build.0 = Release|Any CPU
		{8C895C59-23CD-4782-8413-2AB4F27E5461}.Release|ARM.ActiveCfg = Release|ARM
		{8C895C59-23CD-4782-8413-2AB4F27E5461}.Release|ARM.Build.0 = Release|ARM
		{8C895C59-23CD-4782-8413-2AB4F27E5461}.Release|x64.ActiveCfg = Release|x64
		{8C895C59-23CD-4782-8413-2AB4F27E5461}.Release|x64.Build.0 = Release|x64
		{8C895C59-23CD-4782-8413-2AB4F27E5461}.Release|x86.ActiveCfg = Release|x86
		{8C895C59-23CD-4782-8413-2AB4F27E5461}.Release|x86.Build.0 = Release|x86
		{3184097E-3EE0-458D-8B0F-3CE59266A542}.Debug|Any CPU.ActiveCfg = Debug|Any CPU
		{3184097E-3EE0-458D-8B0F-3CE59266A542}.Debug|Any CPU.Build.0 = Debug|Any CPU
		{3184097E-3EE0-458D-8B0F-3CE59266A542}.Debug|Any CPU.Deploy.0 = Debug|Any CPU
		{3184097E-3EE0-458D-8B0F-3CE59266A542}.Debug|ARM.ActiveCfg = Debug|ARM
		{3184097E-3EE0-458D-8B0F-3CE59266A542}.Debug|ARM.Build.0 = Debug|ARM
		{3184097E-3EE0-458D-8B0F-3CE59266A542}.Debug|ARM.Deploy.0 = Debug|ARM
		{3184097E-3EE0-458D-8B0F-3CE59266A542}.Debug|x64.ActiveCfg = Debug|x64
		{3184097E-3EE0-458D-8B0F-3CE59266A542}.Debug|x64.Build.0 = Debug|x64
		{3184097E-3EE0-458D-8B0F-3CE59266A542}.Debug|x64.Deploy.0 = Debug|x64
		{3184097E-3EE0-458D-8B0F-3CE59266A542}.Debug|x86.ActiveCfg = Debug|x86
		{3184097E-3EE0-458D-8B0F-3CE59266A542}.Debug|x86.Build.0 = Debug|x86
		{3184097E-3EE0-458D-8B0F-3CE59266A542}.Debug|x86.Deploy.0 = Debug|x86
		{3184097E-3EE0-458D-8B0F-3CE59266A542}.Release|Any CPU.ActiveCfg = Release|Any CPU
		{3184097E-3EE0-458D-8B0F-3CE59266A542}.Release|Any CPU.Build.0 = Release|Any CPU
		{3184097E-3EE0-458D-8B0F-3CE59266A542}.Release|Any CPU.Deploy.0 = Release|Any CPU
		{3184097E-3EE0-458D-8B0F-3CE59266A542}.Release|ARM.ActiveCfg = Release|ARM
		{3184097E-3EE0-458D-8B0F-3CE59266A542}.Release|ARM.Build.0 = Release|ARM
		{3184097E-3EE0-458D-8B0F-3CE59266A542}.Release|ARM.Deploy.0 = Release|ARM
		{3184097E-3EE0-458D-8B0F-3CE59266A542}.Release|x64.ActiveCfg = Release|x64
		{3184097E-3EE0-458D-8B0F-3CE59266A542}.Release|x64.Build.0 = Release|x64
		{3184097E-3EE0-458D-8B0F-3CE59266A542}.Release|x64.Deploy.0 = Release|x64
		{3184097E-3EE0-458D-8B0F-3CE59266A542}.Release|x86.ActiveCfg = Release|x86
		{3184097E-3EE0-458D-8B0F-3CE59266A542}.Release|x86.Build.0 = Release|x86
		{3184097E-3EE0-458D-8B0F-3CE59266A542}.Release|x86.Deploy.0 = Release|x86
		{B3587FCA-522F-44BA-B067-4E6C7400A1B3}.Debug|Any CPU.ActiveCfg = Debug|Any CPU
		{B3587FCA-522F-44BA-B067-4E6C7400A1B3}.Debug|Any CPU.Build.0 = Debug|Any CPU
		{B3587FCA-522F-44BA-B067-4E6C7400A1B3}.Debug|Any CPU.Deploy.0 = Debug|Any CPU
		{B3587FCA-522F-44BA-B067-4E6C7400A1B3}.Debug|ARM.ActiveCfg = Debug|ARM
		{B3587FCA-522F-44BA-B067-4E6C7400A1B3}.Debug|ARM.Build.0 = Debug|ARM
		{B3587FCA-522F-44BA-B067-4E6C7400A1B3}.Debug|ARM.Deploy.0 = Debug|ARM
		{B3587FCA-522F-44BA-B067-4E6C7400A1B3}.Debug|x64.ActiveCfg = Debug|x64
		{B3587FCA-522F-44BA-B067-4E6C7400A1B3}.Debug|x64.Build.0 = Debug|x64
		{B3587FCA-522F-44BA-B067-4E6C7400A1B3}.Debug|x64.Deploy.0 = Debug|x64
		{B3587FCA-522F-44BA-B067-4E6C7400A1B3}.Debug|x86.ActiveCfg = Debug|x86
		{B3587FCA-522F-44BA-B067-4E6C7400A1B3}.Debug|x86.Build.0 = Debug|x86
		{B3587FCA-522F-44BA-B067-4E6C7400A1B3}.Debug|x86.Deploy.0 = Debug|x86
		{B3587FCA-522F-44BA-B067-4E6C7400A1B3}.Release|Any CPU.ActiveCfg = Release|Any CPU
		{B3587FCA-522F-44BA-B067-4E6C7400A1B3}.Release|Any CPU.Build.0 = Release|Any CPU
		{B3587FCA-522F-44BA-B067-4E6C7400A1B3}.Release|Any CPU.Deploy.0 = Release|Any CPU
		{B3587FCA-522F-44BA-B067-4E6C7400A1B3}.Release|ARM.ActiveCfg = Release|ARM
		{B3587FCA-522F-44BA-B067-4E6C7400A1B3}.Release|ARM.Build.0 = Release|ARM
		{B3587FCA-522F-44BA-B067-4E6C7400A1B3}.Release|ARM.Deploy.0 = Release|ARM
		{B3587FCA-522F-44BA-B067-4E6C7400A1B3}.Release|x64.ActiveCfg = Release|x64
		{B3587FCA-522F-44BA-B067-4E6C7400A1B3}.Release|x64.Build.0 = Release|x64
		{B3587FCA-522F-44BA-B067-4E6C7400A1B3}.Release|x64.Deploy.0 = Release|x64
		{B3587FCA-522F-44BA-B067-4E6C7400A1B3}.Release|x86.ActiveCfg = Release|x86
		{B3587FCA-522F-44BA-B067-4E6C7400A1B3}.Release|x86.Build.0 = Release|x86
		{B3587FCA-522F-44BA-B067-4E6C7400A1B3}.Release|x86.Deploy.0 = Release|x86
		{B5C497F8-680F-44C8-838B-935ADF63FEB6}.Debug|Any CPU.ActiveCfg = Debug|Any CPU
		{B5C497F8-680F-44C8-838B-935ADF63FEB6}.Debug|Any CPU.Build.0 = Debug|Any CPU
		{B5C497F8-680F-44C8-838B-935ADF63FEB6}.Debug|Any CPU.Deploy.0 = Debug|Any CPU
		{B5C497F8-680F-44C8-838B-935ADF63FEB6}.Debug|ARM.ActiveCfg = Debug|ARM
		{B5C497F8-680F-44C8-838B-935ADF63FEB6}.Debug|ARM.Build.0 = Debug|ARM
		{B5C497F8-680F-44C8-838B-935ADF63FEB6}.Debug|ARM.Deploy.0 = Debug|ARM
		{B5C497F8-680F-44C8-838B-935ADF63FEB6}.Debug|x64.ActiveCfg = Debug|x64
		{B5C497F8-680F-44C8-838B-935ADF63FEB6}.Debug|x64.Build.0 = Debug|x64
		{B5C497F8-680F-44C8-838B-935ADF63FEB6}.Debug|x64.Deploy.0 = Debug|x64
		{B5C497F8-680F-44C8-838B-935ADF63FEB6}.Debug|x86.ActiveCfg = Debug|x86
		{B5C497F8-680F-44C8-838B-935ADF63FEB6}.Debug|x86.Build.0 = Debug|x86
		{B5C497F8-680F-44C8-838B-935ADF63FEB6}.Debug|x86.Deploy.0 = Debug|x86
		{B5C497F8-680F-44C8-838B-935ADF63FEB6}.Release|Any CPU.ActiveCfg = Release|Any CPU
		{B5C497F8-680F-44C8-838B-935ADF63FEB6}.Release|Any CPU.Build.0 = Release|Any CPU
		{B5C497F8-680F-44C8-838B-935ADF63FEB6}.Release|Any CPU.Deploy.0 = Release|Any CPU
		{B5C497F8-680F-44C8-838B-935ADF63FEB6}.Release|ARM.ActiveCfg = Release|ARM
		{B5C497F8-680F-44C8-838B-935ADF63FEB6}.Release|ARM.Build.0 = Release|ARM
		{B5C497F8-680F-44C8-838B-935ADF63FEB6}.Release|ARM.Deploy.0 = Release|ARM
		{B5C497F8-680F-44C8-838B-935ADF63FEB6}.Release|x64.ActiveCfg = Release|x64
		{B5C497F8-680F-44C8-838B-935ADF63FEB6}.Release|x64.Build.0 = Release|x64
		{B5C497F8-680F-44C8-838B-935ADF63FEB6}.Release|x64.Deploy.0 = Release|x64
		{B5C497F8-680F-44C8-838B-935ADF63FEB6}.Release|x86.ActiveCfg = Release|x86
		{B5C497F8-680F-44C8-838B-935ADF63FEB6}.Release|x86.Build.0 = Release|x86
		{B5C497F8-680F-44C8-838B-935ADF63FEB6}.Release|x86.Deploy.0 = Release|x86
		{BA08C743-B94C-4248-BA4A-EC57864DA92E}.Debug|Any CPU.ActiveCfg = Debug|Any CPU
		{BA08C743-B94C-4248-BA4A-EC57864DA92E}.Debug|Any CPU.Build.0 = Debug|Any CPU
		{BA08C743-B94C-4248-BA4A-EC57864DA92E}.Debug|ARM.ActiveCfg = Debug|Any CPU
		{BA08C743-B94C-4248-BA4A-EC57864DA92E}.Debug|x64.ActiveCfg = Debug|Any CPU
		{BA08C743-B94C-4248-BA4A-EC57864DA92E}.Debug|x86.ActiveCfg = Debug|Any CPU
		{BA08C743-B94C-4248-BA4A-EC57864DA92E}.Release|Any CPU.ActiveCfg = Release|Any CPU
		{BA08C743-B94C-4248-BA4A-EC57864DA92E}.Release|Any CPU.Build.0 = Release|Any CPU
		{BA08C743-B94C-4248-BA4A-EC57864DA92E}.Release|ARM.ActiveCfg = Release|Any CPU
		{BA08C743-B94C-4248-BA4A-EC57864DA92E}.Release|x64.ActiveCfg = Release|Any CPU
		{BA08C743-B94C-4248-BA4A-EC57864DA92E}.Release|x86.ActiveCfg = Release|Any CPU
	EndGlobalSection
	GlobalSection(SolutionProperties) = preSolution
		HideSolutionNode = FALSE
	EndGlobalSection
EndGlobal
